
Microsoft Visual Studio Solution File, Format Version 12.00
# Visual Studio Version 17
VisualStudioVersion = 17.9.34714.143
MinimumVisualStudioVersion = 10.0.40219.1
Project("{9A19103F-16F7-4668-BE54-9A1E7A4F7556}") = "Primeiro contato", "Projeto Inicial\Primeiro contato.csproj", "{0A9A4E75-060A-4061-AE8C-3AA63479BADB}"
EndProject
Global
	GlobalSection(SolutionConfigurationPlatforms) = preSolution
		Debug|Any CPU = Debug|Any CPU
		Release|Any CPU = Release|Any CPU
	EndGlobalSection
	GlobalSection(ProjectConfigurationPlatforms) = postSolution
		{0A9A4E75-060A-4061-AE8C-3AA63479BADB}.Debug|Any CPU.ActiveCfg = Debug|Any CPU
		{0A9A4E75-060A-4061-AE8C-3AA63479BADB}.Debug|Any CPU.Build.0 = Debug|Any CPU
		{0A9A4E75-060A-4061-AE8C-3AA63479BADB}.Release|Any CPU.ActiveCfg = Release|Any CPU
		{0A9A4E75-060A-4061-AE8C-3AA63479BADB}.Release|Any CPU.Build.0 = Release|Any CPU
	EndGlobalSection
	GlobalSection(SolutionProperties) = preSolution
		HideSolutionNode = FALSE
	EndGlobalSection
	GlobalSection(ExtensibilityGlobals) = postSolution
		SolutionGuid = {F2E3642B-5E4A-4FC8-97E0-C937AB630C94}
	EndGlobalSection
EndGlobal
